
Microsoft Visual Studio Solution File, Format Version 12.00
# Visual Studio Version 17
VisualStudioVersion = 17.8.34322.80
MinimumVisualStudioVersion = 10.0.40219.1
Project("{2150E333-8FDC-42A3-9474-1A3956D46DE8}") = "Source", "Source", "{9122A241-0C71-4C92-92B3-AF2D0B1DF37A}"
EndProject
Project("{2150E333-8FDC-42A3-9474-1A3956D46DE8}") = "Tests", "Tests", "{AF0070B9-EDFA-4219-9F4C-860FF05C9E5A}"
	ProjectSection(SolutionItems) = preProject
		.editorconfig = .editorconfig
	EndProjectSection
EndProject
Project("{9A19103F-16F7-4668-BE54-9A1E7A4F7556}") = "LineLengthGuard", "Source\LineLengthGuard\LineLengthGuard.csproj", "{DB1A66C8-D1C7-4E16-9500-819EF4FC7ECE}"
EndProject
Project("{9A19103F-16F7-4668-BE54-9A1E7A4F7556}") = "LineLengthGuard.Tests", "Tests\LineLengthGuard.Tests\LineLengthGuard.Tests.csproj", "{21C3E7E3-7D42-4982-9633-A4BEB25C4929}"
EndProject
Project("{2150E333-8FDC-42A3-9474-1A3956D46DE8}") = "Solution Items", "Solution Items", "{7961FA63-263F-4C7A-97FD-80760C30E412}"
	ProjectSection(SolutionItems) = preProject
		.editorconfig = .editorconfig
		Directory.Build.props = Directory.Build.props
		Directory.Packages.props = Directory.Packages.props
		Menees.Analyzers.Settings.xml = Menees.Analyzers.Settings.xml
		Menees.Analyzers.Settings.xsd = Menees.Analyzers.Settings.xsd
	EndProjectSection
EndProject
Global
	GlobalSection(SolutionConfigurationPlatforms) = preSolution
		Debug|Any CPU = Debug|Any CPU
		Release|Any CPU = Release|Any CPU
	EndGlobalSection
	GlobalSection(ProjectConfigurationPlatforms) = postSolution
		{DB1A66C8-D1C7-4E16-9500-819EF4FC7ECE}.Debug|Any CPU.ActiveCfg = Debug|Any CPU
		{DB1A66C8-D1C7-4E16-9500-819EF4FC7ECE}.Debug|Any CPU.Build.0 = Debug|Any CPU
		{DB1A66C8-D1C7-4E16-9500-819EF4FC7ECE}.Release|Any CPU.ActiveCfg = Release|Any CPU
		{DB1A66C8-D1C7-4E16-9500-819EF4FC7ECE}.Release|Any CPU.Build.0 = Release|Any CPU
		{21C3E7E3-7D42-4982-9633-A4BEB25C4929}.Debug|Any CPU.ActiveCfg = Debug|Any CPU
		{21C3E7E3-7D42-4982-9633-A4BEB25C4929}.Debug|Any CPU.Build.0 = Debug|Any CPU
		{21C3E7E3-7D42-4982-9633-A4BEB25C4929}.Release|Any CPU.ActiveCfg = Release|Any CPU
		{21C3E7E3-7D42-4982-9633-A4BEB25C4929}.Release|Any CPU.Build.0 = Release|Any CPU
	EndGlobalSection
	GlobalSection(SolutionProperties) = preSolution
		HideSolutionNode = FALSE
	EndGlobalSection
	GlobalSection(NestedProjects) = preSolution
		{DB1A66C8-D1C7-4E16-9500-819EF4FC7ECE} = {9122A241-0C71-4C92-92B3-AF2D0B1DF37A}
		{21C3E7E3-7D42-4982-9633-A4BEB25C4929} = {AF0070B9-EDFA-4219-9F4C-860FF05C9E5A}
	EndGlobalSection
	GlobalSection(ExtensibilityGlobals) = postSolution
		SolutionGuid = {79BADE97-378D-4159-B9ED-A5694A432AAF}
	EndGlobalSection
EndGlobal
